{
  "name": "react-series-challenge",
  "version": "0.1.0",
  "lockfileVersion": 1,
  "requires": true,
  "dependencies": {
    "redux-test-utils": {
      "version": "0.2.2",
      "resolved": "https://registry.npmjs.org/redux-test-utils/-/redux-test-utils-0.2.2.tgz",
      "integrity": "sha512-+YsUHpzZJ7G85wYgllmGLJ75opIlWrCuKThaVTsHW5xLOrzaLE4abQ3AbYcHkx/vFOReG2D8XUwMfGnFKH8hGw==",
      "dev": true
    }
  }
}
